
Microsoft Visual Studio Solution File, Format Version 12.00
# Visual Studio Version 16
VisualStudioVersion = 16.0.30011.22
MinimumVisualStudioVersion = 15.0.26124.0
Project("{2150E333-8FDC-42A3-9474-1A3956D46DE8}") = "src", "src", "{038AF9FC-EFCF-4950-A28A-13100FDB774B}"
EndProject
Project("{2150E333-8FDC-42A3-9474-1A3956D46DE8}") = "test", "test", "{85C72EBA-C20B-45E7-8678-EAC053420D3F}"
EndProject
Project("{9A19103F-16F7-4668-BE54-9A1E7A4F7556}") = "StockChat.Web", "src\StockChat.Web\StockChat.Web.csproj", "{6A21BB8B-D563-4BD7-9925-0971591C1344}"
EndProject
Project("{9A19103F-16F7-4668-BE54-9A1E7A4F7556}") = "StockChat.Domain", "src\StockChat.Domain\StockChat.Domain.csproj", "{F9151862-6010-4B0E-B813-3E135B73741D}"
EndProject
Project("{9A19103F-16F7-4668-BE54-9A1E7A4F7556}") = "StockChat.Repository", "src\StockChat.Repository\StockChat.Repository.csproj", "{8F010D8D-5C3F-4515-BE5A-6C86856B28E9}"
EndProject
Project("{9A19103F-16F7-4668-BE54-9A1E7A4F7556}") = "StockChat.Dependencies", "src\StockChat.Dependencies\StockChat.Dependencies.csproj", "{8CB7A103-1448-4DEB-930B-BBD20BD61A0C}"
EndProject
Project("{9A19103F-16F7-4668-BE54-9A1E7A4F7556}") = "StockChat.Application", "src\StockChat.Application\StockChat.Application.csproj", "{93ED00A0-EEBA-49CC-BE9F-AA7115D27CE1}"
EndProject
Project("{FAE04EC0-301F-11D3-BF4B-00C04F79EFBC}") = "StockChat.Interface", "src\StockChat.Interface\StockChat.Interface.csproj", "{79F3BA0D-5F50-4C46-8D8B-73D87C79E844}"
EndProject
Project("{FAE04EC0-301F-11D3-BF4B-00C04F79EFBC}") = "StockChat.SignalR", "src\StockChat.SignalR\StockChat.SignalR.csproj", "{FB626FBF-8570-4447-99EE-60DBEC47FA1E}"
EndProject
Project("{FAE04EC0-301F-11D3-BF4B-00C04F79EFBC}") = "StockChat.Application.tests", "test\StockChat.Application.tests\StockChat.Application.tests.csproj", "{A21DEB30-E90A-4935-868D-9A17C51EBD00}"
EndProject
Project("{FAE04EC0-301F-11D3-BF4B-00C04F79EFBC}") = "StockChat.Infrastructure", "src\StockChat.Infrastructure\StockChat.Infrastructure.csproj", "{F99DEE97-287D-4024-9D55-55A55B456497}"
EndProject
Project("{FAE04EC0-301F-11D3-BF4B-00C04F79EFBC}") = "StockChatBot", "src\StockChatBot\StockChatBot.csproj", "{ACB6E231-8915-4784-BB3B-296659C97F03}"
EndProject
Global
	GlobalSection(SolutionConfigurationPlatforms) = preSolution
		Debug|Any CPU = Debug|Any CPU
		Debug|x64 = Debug|x64
		Debug|x86 = Debug|x86
		Release|Any CPU = Release|Any CPU
		Release|x64 = Release|x64
		Release|x86 = Release|x86
	EndGlobalSection
	GlobalSection(ProjectConfigurationPlatforms) = postSolution
		{6A21BB8B-D563-4BD7-9925-0971591C1344}.Debug|Any CPU.ActiveCfg = Debug|Any CPU
		{6A21BB8B-D563-4BD7-9925-0971591C1344}.Debug|Any CPU.Build.0 = Debug|Any CPU
		{6A21BB8B-D563-4BD7-9925-0971591C1344}.Debug|x64.ActiveCfg = Debug|Any CPU
		{6A21BB8B-D563-4BD7-9925-0971591C1344}.Debug|x64.Build.0 = Debug|Any CPU
		{6A21BB8B-D563-4BD7-9925-0971591C1344}.Debug|x86.ActiveCfg = Debug|Any CPU
		{6A21BB8B-D563-4BD7-9925-0971591C1344}.Debug|x86.Build.0 = Debug|Any CPU
		{6A21BB8B-D563-4BD7-9925-0971591C1344}.Release|Any CPU.ActiveCfg = Release|Any CPU
		{6A21BB8B-D563-4BD7-9925-0971591C1344}.Release|Any CPU.Build.0 = Release|Any CPU
		{6A21BB8B-D563-4BD7-9925-0971591C1344}.Release|x64.ActiveCfg = Release|Any CPU
		{6A21BB8B-D563-4BD7-9925-0971591C1344}.Release|x64.Build.0 = Release|Any CPU
		{6A21BB8B-D563-4BD7-9925-0971591C1344}.Release|x86.ActiveCfg = Release|Any CPU
		{6A21BB8B-D563-4BD7-9925-0971591C1344}.Release|x86.Build.0 = Release|Any CPU
		{F9151862-6010-4B0E-B813-3E135B73741D}.Debug|Any CPU.ActiveCfg = Debug|Any CPU
		{F9151862-6010-4B0E-B813-3E135B73741D}.Debug|Any CPU.Build.0 = Debug|Any CPU
		{F9151862-6010-4B0E-B813-3E135B73741D}.Debug|x64.ActiveCfg = Debug|Any CPU
		{F9151862-6010-4B0E-B813-3E135B73741D}.Debug|x64.Build.0 = Debug|Any CPU
		{F9151862-6010-4B0E-B813-3E135B73741D}.Debug|x86.ActiveCfg = Debug|Any CPU
		{F9151862-6010-4B0E-B813-3E135B73741D}.Debug|x86.Build.0 = Debug|Any CPU
		{F9151862-6010-4B0E-B813-3E135B73741D}.Release|Any CPU.ActiveCfg = Release|Any CPU
		{F9151862-6010-4B0E-B813-3E135B73741D}.Release|Any CPU.Build.0 = Release|Any CPU
		{F9151862-6010-4B0E-B813-3E135B73741D}.Release|x64.ActiveCfg = Release|Any CPU
		{F9151862-6010-4B0E-B813-3E135B73741D}.Release|x64.Build.0 = Release|Any CPU
		{F9151862-6010-4B0E-B813-3E135B73741D}.Release|x86.ActiveCfg = Release|Any CPU
		{F9151862-6010-4B0E-B813-3E135B73741D}.Release|x86.Build.0 = Release|Any CPU
		{8F010D8D-5C3F-4515-BE5A-6C86856B28E9}.Debug|Any CPU.ActiveCfg = Debug|Any CPU
		{8F010D8D-5C3F-4515-BE5A-6C86856B28E9}.Debug|Any CPU.Build.0 = Debug|Any CPU
		{8F010D8D-5C3F-4515-BE5A-6C86856B28E9}.Debug|x64.ActiveCfg = Debug|Any CPU
		{8F010D8D-5C3F-4515-BE5A-6C86856B28E9}.Debug|x64.Build.0 = Debug|Any CPU
		{8F010D8D-5C3F-4515-BE5A-6C86856B28E9}.Debug|x86.ActiveCfg = Debug|Any CPU
		{8F010D8D-5C3F-4515-BE5A-6C86856B28E9}.Debug|x86.Build.0 = Debug|Any CPU
		{8F010D8D-5C3F-4515-BE5A-6C86856B28E9}.Release|Any CPU.ActiveCfg = Release|Any CPU
		{8F010D8D-5C3F-4515-BE5A-6C86856B28E9}.Release|Any CPU.Build.0 = Release|Any CPU
		{8F010D8D-5C3F-4515-BE5A-6C86856B28E9}.Release|x64.ActiveCfg = Release|Any CPU
		{8F010D8D-5C3F-4515-BE5A-6C86856B28E9}.Release|x64.Build.0 = Release|Any CPU
		{8F010D8D-5C3F-4515-BE5A-6C86856B28E9}.Release|x86.ActiveCfg = Release|Any CPU
		{8F010D8D-5C3F-4515-BE5A-6C86856B28E9}.Release|x86.Build.0 = Release|Any CPU
		{8CB7A103-1448-4DEB-930B-BBD20BD61A0C}.Debug|Any CPU.ActiveCfg = Debug|Any CPU
		{8CB7A103-1448-4DEB-930B-BBD20BD61A0C}.Debug|Any CPU.Build.0 = Debug|Any CPU
		{8CB7A103-1448-4DEB-930B-BBD20BD61A0C}.Debug|x64.ActiveCfg = Debug|Any CPU
		{8CB7A103-1448-4DEB-930B-BBD20BD61A0C}.Debug|x64.Build.0 = Debug|Any CPU
		{8CB7A103-1448-4DEB-930B-BBD20BD61A0C}.Debug|x86.ActiveCfg = Debug|Any CPU
		{8CB7A103-1448-4DEB-930B-BBD20BD61A0C}.Debug|x86.Build.0 = Debug|Any CPU
		{8CB7A103-1448-4DEB-930B-BBD20BD61A0C}.Release|Any CPU.ActiveCfg = Release|Any CPU
		{8CB7A103-1448-4DEB-930B-BBD20BD61A0C}.Release|Any CPU.Build.0 = Release|Any CPU
		{8CB7A103-1448-4DEB-930B-BBD20BD61A0C}.Release|x64.ActiveCfg = Release|Any CPU
		{8CB7A103-1448-4DEB-930B-BBD20BD61A0C}.Release|x64.Build.0 = Release|Any CPU
		{8CB7A103-1448-4DEB-930B-BBD20BD61A0C}.Release|x86.ActiveCfg = Release|Any CPU
		{8CB7A103-1448-4DEB-930B-BBD20BD61A0C}.Release|x86.Build.0 = Release|Any CPU
		{93ED00A0-EEBA-49CC-BE9F-AA7115D27CE1}.Debug|Any CPU.ActiveCfg = Debug|Any CPU
		{93ED00A0-EEBA-49CC-BE9F-AA7115D27CE1}.Debug|Any CPU.Build.0 = Debug|Any CPU
		{93ED00A0-EEBA-49CC-BE9F-AA7115D27CE1}.Debug|x64.ActiveCfg = Debug|Any CPU
		{93ED00A0-EEBA-49CC-BE9F-AA7115D27CE1}.Debug|x64.Build.0 = Debug|Any CPU
		{93ED00A0-EEBA-49CC-BE9F-AA7115D27CE1}.Debug|x86.ActiveCfg = Debug|Any CPU
		{93ED00A0-EEBA-49CC-BE9F-AA7115D27CE1}.Debug|x86.Build.0 = Debug|Any CPU
		{93ED00A0-EEBA-49CC-BE9F-AA7115D27CE1}.Release|Any CPU.ActiveCfg = Release|Any CPU
		{93ED00A0-EEBA-49CC-BE9F-AA7115D27CE1}.Release|Any CPU.Build.0 = Release|Any CPU
		{93ED00A0-EEBA-49CC-BE9F-AA7115D27CE1}.Release|x64.ActiveCfg = Release|Any CPU
		{93ED00A0-EEBA-49CC-BE9F-AA7115D27CE1}.Release|x64.Build.0 = Release|Any CPU
		{93ED00A0-EEBA-49CC-BE9F-AA7115D27CE1}.Release|x86.ActiveCfg = Release|Any CPU
		{93ED00A0-EEBA-49CC-BE9F-AA7115D27CE1}.Release|x86.Build.0 = Release|Any CPU
		{79F3BA0D-5F50-4C46-8D8B-73D87C79E844}.Debug|Any CPU.ActiveCfg = Debug|Any CPU
		{79F3BA0D-5F50-4C46-8D8B-73D87C79E844}.Debug|Any CPU.Build.0 = Debug|Any CPU
		{79F3BA0D-5F50-4C46-8D8B-73D87C79E844}.Debug|x64.ActiveCfg = Debug|Any CPU
		{79F3BA0D-5F50-4C46-8D8B-73D87C79E844}.Debug|x64.Build.0 = Debug|Any CPU
		{79F3BA0D-5F50-4C46-8D8B-73D87C79E844}.Debug|x86.ActiveCfg = Debug|Any CPU
		{79F3BA0D-5F50-4C46-8D8B-73D87C79E844}.Debug|x86.Build.0 = Debug|Any CPU
		{79F3BA0D-5F50-4C46-8D8B-73D87C79E844}.Release|Any CPU.ActiveCfg = Release|Any CPU
		{79F3BA0D-5F50-4C46-8D8B-73D87C79E844}.Release|Any CPU.Build.0 = Release|Any CPU
		{79F3BA0D-5F50-4C46-8D8B-73D87C79E844}.Release|x64.ActiveCfg = Release|Any CPU
		{79F3BA0D-5F50-4C46-8D8B-73D87C79E844}.Release|x64.Build.0 = Release|Any CPU
		{79F3BA0D-5F50-4C46-8D8B-73D87C79E844}.Release|x86.ActiveCfg = Release|Any CPU
		{79F3BA0D-5F50-4C46-8D8B-73D87C79E844}.Release|x86.Build.0 = Release|Any CPU
		{FB626FBF-8570-4447-99EE-60DBEC47FA1E}.Debug|Any CPU.ActiveCfg = Debug|Any CPU
		{FB626FBF-8570-4447-99EE-60DBEC47FA1E}.Debug|Any CPU.Build.0 = Debug|Any CPU
		{FB626FBF-8570-4447-99EE-60DBEC47FA1E}.Debug|x64.ActiveCfg = Debug|Any CPU
		{FB626FBF-8570-4447-99EE-60DBEC47FA1E}.Debug|x64.Build.0 = Debug|Any CPU
		{FB626FBF-8570-4447-99EE-60DBEC47FA1E}.Debug|x86.ActiveCfg = Debug|Any CPU
		{FB626FBF-8570-4447-99EE-60DBEC47FA1E}.Debug|x86.Build.0 = Debug|Any CPU
		{FB626FBF-8570-4447-99EE-60DBEC47FA1E}.Release|Any CPU.ActiveCfg = Release|Any CPU
		{FB626FBF-8570-4447-99EE-60DBEC47FA1E}.Release|Any CPU.Build.0 = Release|Any CPU
		{FB626FBF-8570-4447-99EE-60DBEC47FA1E}.Release|x64.ActiveCfg = Release|Any CPU
		{FB626FBF-8570-4447-99EE-60DBEC47FA1E}.Release|x64.Build.0 = Release|Any CPU
		{FB626FBF-8570-4447-99EE-60DBEC47FA1E}.Release|x86.ActiveCfg = Release|Any CPU
		{FB626FBF-8570-4447-99EE-60DBEC47FA1E}.Release|x86.Build.0 = Release|Any CPU
		{A21DEB30-E90A-4935-868D-9A17C51EBD00}.Debug|Any CPU.ActiveCfg = Debug|Any CPU
		{A21DEB30-E90A-4935-868D-9A17C51EBD00}.Debug|Any CPU.Build.0 = Debug|Any CPU
		{A21DEB30-E90A-4935-868D-9A17C51EBD00}.Debug|x64.ActiveCfg = Debug|Any CPU
		{A21DEB30-E90A-4935-868D-9A17C51EBD00}.Debug|x64.Build.0 = Debug|Any CPU
		{A21DEB30-E90A-4935-868D-9A17C51EBD00}.Debug|x86.ActiveCfg = Debug|Any CPU
		{A21DEB30-E90A-4935-868D-9A17C51EBD00}.Debug|x86.Build.0 = Debug|Any CPU
		{A21DEB30-E90A-4935-868D-9A17C51EBD00}.Release|Any CPU.ActiveCfg = Release|Any CPU
		{A21DEB30-E90A-4935-868D-9A17C51EBD00}.Release|Any CPU.Build.0 = Release|Any CPU
		{A21DEB30-E90A-4935-868D-9A17C51EBD00}.Release|x64.ActiveCfg = Release|Any CPU
		{A21DEB30-E90A-4935-868D-9A17C51EBD00}.Release|x64.Build.0 = Release|Any CPU
		{A21DEB30-E90A-4935-868D-9A17C51EBD00}.Release|x86.ActiveCfg = Release|Any CPU
		{A21DEB30-E90A-4935-868D-9A17C51EBD00}.Release|x86.Build.0 = Release|Any CPU
		{F99DEE97-287D-4024-9D55-55A55B456497}.Debug|Any CPU.ActiveCfg = Debug|Any CPU
		{F99DEE97-287D-4024-9D55-55A55B456497}.Debug|Any CPU.Build.0 = Debug|Any CPU
		{F99DEE97-287D-4024-9D55-55A55B456497}.Debug|x64.ActiveCfg = Debug|Any CPU
		{F99DEE97-287D-4024-9D55-55A55B456497}.Debug|x64.Build.0 = Debug|Any CPU
		{F99DEE97-287D-4024-9D55-55A55B456497}.Debug|x86.ActiveCfg = Debug|Any CPU
		{F99DEE97-287D-4024-9D55-55A55B456497}.Debug|x86.Build.0 = Debug|Any CPU
		{F99DEE97-287D-4024-9D55-55A55B456497}.Release|Any CPU.ActiveCfg = Release|Any CPU
		{F99DEE97-287D-4024-9D55-55A55B456497}.Release|Any CPU.Build.0 = Release|Any CPU
		{F99DEE97-287D-4024-9D55-55A55B456497}.Release|x64.ActiveCfg = Release|Any CPU
		{F99DEE97-287D-4024-9D55-55A55B456497}.Release|x64.Build.0 = Release|Any CPU
		{F99DEE97-287D-4024-9D55-55A55B456497}.Release|x86.ActiveCfg = Release|Any CPU
		{F99DEE97-287D-4024-9D55-55A55B456497}.Release|x86.Build.0 = Release|Any CPU
		{ACB6E231-8915-4784-BB3B-296659C97F03}.Debug|Any CPU.ActiveCfg = Debug|Any CPU
		{ACB6E231-8915-4784-BB3B-296659C97F03}.Debug|Any CPU.Build.0 = Debug|Any CPU
		{ACB6E231-8915-4784-BB3B-296659C97F03}.Debug|x64.ActiveCfg = Debug|Any CPU
		{ACB6E231-8915-4784-BB3B-296659C97F03}.Debug|x64.Build.0 = Debug|Any CPU
		{ACB6E231-8915-4784-BB3B-296659C97F03}.Debug|x86.ActiveCfg = Debug|Any CPU
		{ACB6E231-8915-4784-BB3B-296659C97F03}.Debug|x86.Build.0 = Debug|Any CPU
		{ACB6E231-8915-4784-BB3B-296659C97F03}.Release|Any CPU.ActiveCfg = Release|Any CPU
		{ACB6E231-8915-4784-BB3B-296659C97F03}.Release|Any CPU.Build.0 = Release|Any CPU
		{ACB6E231-8915-4784-BB3B-296659C97F03}.Release|x64.ActiveCfg = Release|Any CPU
		{ACB6E231-8915-4784-BB3B-296659C97F03}.Release|x64.Build.0 = Release|Any CPU
		{ACB6E231-8915-4784-BB3B-296659C97F03}.Release|x86.ActiveCfg = Release|Any CPU
		{ACB6E231-8915-4784-BB3B-296659C97F03}.Release|x86.Build.0 = Release|Any CPU
	EndGlobalSection
	GlobalSection(SolutionProperties) = preSolution
		HideSolutionNode = FALSE
	EndGlobalSection
	GlobalSection(NestedProjects) = preSolution
		{6A21BB8B-D563-4BD7-9925-0971591C1344} = {038AF9FC-EFCF-4950-A28A-13100FDB774B}
		{F9151862-6010-4B0E-B813-3E135B73741D} = {038AF9FC-EFCF-4950-A28A-13100FDB774B}
		{8F010D8D-5C3F-4515-BE5A-6C86856B28E9} = {038AF9FC-EFCF-4950-A28A-13100FDB774B}
		{8CB7A103-1448-4DEB-930B-BBD20BD61A0C} = {038AF9FC-EFCF-4950-A28A-13100FDB774B}
		{93ED00A0-EEBA-49CC-BE9F-AA7115D27CE1} = {038AF9FC-EFCF-4950-A28A-13100FDB774B}
		{79F3BA0D-5F50-4C46-8D8B-73D87C79E844} = {038AF9FC-EFCF-4950-A28A-13100FDB774B}
		{FB626FBF-8570-4447-99EE-60DBEC47FA1E} = {038AF9FC-EFCF-4950-A28A-13100FDB774B}
		{A21DEB30-E90A-4935-868D-9A17C51EBD00} = {85C72EBA-C20B-45E7-8678-EAC053420D3F}
		{F99DEE97-287D-4024-9D55-55A55B456497} = {038AF9FC-EFCF-4950-A28A-13100FDB774B}
		{ACB6E231-8915-4784-BB3B-296659C97F03} = {038AF9FC-EFCF-4950-A28A-13100FDB774B}
	EndGlobalSection
	GlobalSection(ExtensibilityGlobals) = postSolution
		SolutionGuid = {D747A771-C199-4EF4-890C-8073B4223E0B}
	EndGlobalSection
EndGlobal
